// !$*UTF8*$!
{
	archiveVersion = 1;
	classes = {
	};
	objectVersion = 46;
	objects = {

/* Begin PBXBuildFile section */
		32455C551BBB4E6F00235E77 /* MemeTableViewCell.swift in Sources */ = {isa = PBXBuildFile; fileRef = 32455C541BBB4E6F00235E77 /* MemeTableViewCell.swift */; settings = {ASSET_TAGS = (); }; };
		327292891BBF07470018B473 /* MemeMeCollectionViewCell.swift in Sources */ = {isa = PBXBuildFile; fileRef = 327292881BBF07470018B473 /* MemeMeCollectionViewCell.swift */; settings = {ASSET_TAGS = (); }; };
		3272928B1BBF16BB0018B473 /* MemeMeCollectionController.swift in Sources */ = {isa = PBXBuildFile; fileRef = 3272928A1BBF16BB0018B473 /* MemeMeCollectionController.swift */; settings = {ASSET_TAGS = (); }; };
		32799C9A1BB4637D00E8D0FF /* AppDelegate.swift in Sources */ = {isa = PBXBuildFile; fileRef = 32799C991BB4637D00E8D0FF /* AppDelegate.swift */; };
		32799C9C1BB4637D00E8D0FF /* ViewController.swift in Sources */ = {isa = PBXBuildFile; fileRef = 32799C9B1BB4637D00E8D0FF /* ViewController.swift */; };
		32799CA11BB4637D00E8D0FF /* Assets.xcassets in Resources */ = {isa = PBXBuildFile; fileRef = 32799CA01BB4637D00E8D0FF /* Assets.xcassets */; };
		32799CA41BB4637D00E8D0FF /* LaunchScreen.storyboard in Resources */ = {isa = PBXBuildFile; fileRef = 32799CA21BB4637D00E8D0FF /* LaunchScreen.storyboard */; };
		32799CAF1BB4637D00E8D0FF /* MemeMe_Swift_2Tests.swift in Sources */ = {isa = PBXBuildFile; fileRef = 32799CAE1BB4637D00E8D0FF /* MemeMe_Swift_2Tests.swift */; };
		32799CBA1BB4637D00E8D0FF /* MemeMe_Swift_2UITests.swift in Sources */ = {isa = PBXBuildFile; fileRef = 32799CB91BB4637D00E8D0FF /* MemeMe_Swift_2UITests.swift */; };
		32799CC81BB463B100E8D0FF /* MemeEditorVC.swift in Sources */ = {isa = PBXBuildFile; fileRef = 32799CC71BB463B100E8D0FF /* MemeEditorVC.swift */; settings = {ASSET_TAGS = (); }; };
		32799CCA1BB463C200E8D0FF /* Main.storyboard in Resources */ = {isa = PBXBuildFile; fileRef = 32799CC91BB463C200E8D0FF /* Main.storyboard */; settings = {ASSET_TAGS = (); }; };
		32799CCC1BB463C900E8D0FF /* Meme.swift in Sources */ = {isa = PBXBuildFile; fileRef = 32799CCB1BB463C900E8D0FF /* Meme.swift */; settings = {ASSET_TAGS = (); }; };
		3295F5BB1BBB228200FD8F94 /* MemeMeTableViewController.swift in Sources */ = {isa = PBXBuildFile; fileRef = 3295F5BA1BBB228200FD8F94 /* MemeMeTableViewController.swift */; settings = {ASSET_TAGS = (); }; };
		3295F5BD1BBB22D600FD8F94 /* MemeMeDetailViewController.swift in Sources */ = {isa = PBXBuildFile; fileRef = 3295F5BC1BBB22D600FD8F94 /* MemeMeDetailViewController.swift */; settings = {ASSET_TAGS = (); }; };
/* End PBXBuildFile section */

/* Begin PBXContainerItemProxy section */
		32799CAB1BB4637D00E8D0FF /* PBXContainerItemProxy */ = {
			isa = PBXContainerItemProxy;
			containerPortal = 32799C8E1BB4637D00E8D0FF /* Project object */;
			proxyType = 1;
			remoteGlobalIDString = 32799C951BB4637D00E8D0FF;
			remoteInfo = "MemeMe Swift 2";
		};
		32799CB61BB4637D00E8D0FF /* PBXContainerItemProxy */ = {
			isa = PBXContainerItemProxy;
			containerPortal = 32799C8E1BB4637D00E8D0FF /* Project object */;
			proxyType = 1;
			remoteGlobalIDString = 32799C951BB4637D00E8D0FF;
			remoteInfo = "MemeMe Swift 2";
		};
/* End PBXContainerItemProxy section */

/* Begin PBXFileReference section */
		32455C541BBB4E6F00235E77 /* MemeTableViewCell.swift */ = {isa = PBXFileReference; fileEncoding = 4; lastKnownFileType = sourcecode.swift; path = MemeTableViewCell.swift; sourceTree = "<group>"; };
		327292881BBF07470018B473 /* MemeMeCollectionViewCell.swift */ = {isa = PBXFileReference; fileEncoding = 4; lastKnownFileType = sourcecode.swift; path = MemeMeCollectionViewCell.swift; sourceTree = "<group>"; };
		3272928A1BBF16BB0018B473 /* MemeMeCollectionController.swift */ = {isa = PBXFileReference; fileEncoding = 4; lastKnownFileType = sourcecode.swift; name = MemeMeCollectionController.swift; path = "MemeMe Swift 2/MemeMeCollectionController.swift"; sourceTree = SOURCE_ROOT; };
		32799C961BB4637D00E8D0FF /* MemeMe Swift 2.app */ = {isa = PBXFileReference; explicitFileType = wrapper.application; includeInIndex = 0; path = "MemeMe Swift 2.app"; sourceTree = BUILT_PRODUCTS_DIR; };
		32799C991BB4637D00E8D0FF /* AppDelegate.swift */ = {isa = PBXFileReference; lastKnownFileType = sourcecode.swift; path = AppDelegate.swift; sourceTree = "<group>"; };
		32799C9B1BB4637D00E8D0FF /* ViewController.swift */ = {isa = PBXFileReference; lastKnownFileType = sourcecode.swift; path = ViewController.swift; sourceTree = "<group>"; };
		32799CA01BB4637D00E8D0FF /* Assets.xcassets */ = {isa = PBXFileReference; lastKnownFileType = folder.assetcatalog; path = Assets.xcassets; sourceTree = "<group>"; };
		32799CA31BB4637D00E8D0FF /* Base */ = {isa = PBXFileReference; lastKnownFileType = file.storyboard; name = Base; path = Base.lproj/LaunchScreen.storyboard; sourceTree = "<group>"; };
		32799CA51BB4637D00E8D0FF /* Info.plist */ = {isa = PBXFileReference; lastKnownFileType = text.plist.xml; path = Info.plist; sourceTree = "<group>"; };
		32799CAA1BB4637D00E8D0FF /* MemeMe Swift 2Tests.xctest */ = {isa = PBXFileReference; explicitFileType = wrapper.cfbundle; includeInIndex = 0; path = "MemeMe Swift 2Tests.xctest"; sourceTree = BUILT_PRODUCTS_DIR; };
		32799CAE1BB4637D00E8D0FF /* MemeMe_Swift_2Tests.swift */ = {isa = PBXFileReference; lastKnownFileType = sourcecode.swift; path = MemeMe_Swift_2Tests.swift; sourceTree = "<group>"; };
		32799CB01BB4637D00E8D0FF /* Info.plist */ = {isa = PBXFileReference; lastKnownFileType = text.plist.xml; path = Info.plist; sourceTree = "<group>"; };
		32799CB51BB4637D00E8D0FF /* MemeMe Swift 2UITests.xctest */ = {isa = PBXFileReference; explicitFileType = wrapper.cfbundle; includeInIndex = 0; path = "MemeMe Swift 2UITests.xctest"; sourceTree = BUILT_PRODUCTS_DIR; };
		32799CB91BB4637D00E8D0FF /* MemeMe_Swift_2UITests.swift */ = {isa = PBXFileReference; lastKnownFileType = sourcecode.swift; path = MemeMe_Swift_2UITests.swift; sourceTree = "<group>"; };
		32799CBB1BB4637D00E8D0FF /* Info.plist */ = {isa = PBXFileReference; lastKnownFileType = text.plist.xml; path = Info.plist; sourceTree = "<group>"; };
		32799CC71BB463B100E8D0FF /* MemeEditorVC.swift */ = {isa = PBXFileReference; fileEncoding = 4; lastKnownFileType = sourcecode.swift; path = MemeEditorVC.swift; sourceTree = "<group>"; };
		32799CC91BB463C200E8D0FF /* Main.storyboard */ = {isa = PBXFileReference; fileEncoding = 4; lastKnownFileType = file.storyboard; path = Main.storyboard; sourceTree = "<group>"; };
		32799CCB1BB463C900E8D0FF /* Meme.swift */ = {isa = PBXFileReference; fileEncoding = 4; lastKnownFileType = sourcecode.swift; path = Meme.swift; sourceTree = "<group>"; };
		3295F5BA1BBB228200FD8F94 /* MemeMeTableViewController.swift */ = {isa = PBXFileReference; fileEncoding = 4; lastKnownFileType = sourcecode.swift; path = MemeMeTableViewController.swift; sourceTree = "<group>"; };
		3295F5BC1BBB22D600FD8F94 /* MemeMeDetailViewController.swift */ = {isa = PBXFileReference; fileEncoding = 4; lastKnownFileType = sourcecode.swift; path = MemeMeDetailViewController.swift; sourceTree = "<group>"; };
/* End PBXFileReference section */

/* Begin PBXFrameworksBuildPhase section */
		32799C931BB4637D00E8D0FF /* Frameworks */ = {
			isa = PBXFrameworksBuildPhase;
			buildActionMask = 2147483647;
			files = (
			);
			runOnlyForDeploymentPostprocessing = 0;
		};
		32799CA71BB4637D00E8D0FF /* Frameworks */ = {
			isa = PBXFrameworksBuildPhase;
			buildActionMask = 2147483647;
			files = (
			);
			runOnlyForDeploymentPostprocessing = 0;
		};
		32799CB21BB4637D00E8D0FF /* Frameworks */ = {
			isa = PBXFrameworksBuildPhase;
			buildActionMask = 2147483647;
			files = (
			);
			runOnlyForDeploymentPostprocessing = 0;
		};
/* End PBXFrameworksBuildPhase section */

/* Begin PBXGroup section */
		32799C8D1BB4637D00E8D0FF = {
			isa = PBXGroup;
			children = (
				32799C981BB4637D00E8D0FF /* MemeMe Swift 2 */,
				32799CAD1BB4637D00E8D0FF /* MemeMe Swift 2Tests */,
				32799CB81BB4637D00E8D0FF /* MemeMe Swift 2UITests */,
				32799C971BB4637D00E8D0FF /* Products */,
			);
			sourceTree = "<group>";
		};
		32799C971BB4637D00E8D0FF /* Products */ = {
			isa = PBXGroup;
			children = (
				32799C961BB4637D00E8D0FF /* MemeMe Swift 2.app */,
				32799CAA1BB4637D00E8D0FF /* MemeMe Swift 2Tests.xctest */,
				32799CB51BB4637D00E8D0FF /* MemeMe Swift 2UITests.xctest */,
			);
			name = Products;
			sourceTree = "<group>";
		};
		32799C981BB4637D00E8D0FF /* MemeMe Swift 2 */ = {
			isa = PBXGroup;
			children = (
				32799CC91BB463C200E8D0FF /* Main.storyboard */,
				32799CC71BB463B100E8D0FF /* MemeEditorVC.swift */,
				3295F5BA1BBB228200FD8F94 /* MemeMeTableViewController.swift */,
				327292881BBF07470018B473 /* MemeMeCollectionViewCell.swift */,
				3272928A1BBF16BB0018B473 /* MemeMeCollectionController.swift */,
				32455C541BBB4E6F00235E77 /* MemeTableViewCell.swift */,
				3295F5BC1BBB22D600FD8F94 /* MemeMeDetailViewController.swift */,
				32799CCB1BB463C900E8D0FF /* Meme.swift */,
				32799C9B1BB4637D00E8D0FF /* ViewController.swift */,
				32799C991BB4637D00E8D0FF /* AppDelegate.swift */,
				32799CA01BB4637D00E8D0FF /* Assets.xcassets */,
				32799CA21BB4637D00E8D0FF /* LaunchScreen.storyboard */,
				32799CA51BB4637D00E8D0FF /* Info.plist */,
			);
			path = "MemeMe Swift 2";
			sourceTree = "<group>";
		};
		32799CAD1BB4637D00E8D0FF /* MemeMe Swift 2Tests */ = {
			isa = PBXGroup;
			children = (
				32799CAE1BB4637D00E8D0FF /* MemeMe_Swift_2Tests.swift */,
				32799CB01BB4637D00E8D0FF /* Info.plist */,
			);
			path = "MemeMe Swift 2Tests";
			sourceTree = "<group>";
		};
		32799CB81BB4637D00E8D0FF /* MemeMe Swift 2UITests */ = {
			isa = PBXGroup;
			children = (
				32799CB91BB4637D00E8D0FF /* MemeMe_Swift_2UITests.swift */,
				32799CBB1BB4637D00E8D0FF /* Info.plist */,
			);
			path = "MemeMe Swift 2UITests";
			sourceTree = "<group>";
		};
/* End PBXGroup section */

/* Begin PBXNativeTarget section */
		32799C951BB4637D00E8D0FF /* MemeMe Swift 2 */ = {
			isa = PBXNativeTarget;
			buildConfigurationList = 32799CBE1BB4637D00E8D0FF /* Build configuration list for PBXNativeTarget "MemeMe Swift 2" */;
			buildPhases = (
				32799C921BB4637D00E8D0FF /* Sources */,
				32799C931BB4637D00E8D0FF /* Frameworks */,
				32799C941BB4637D00E8D0FF /* Resources */,
			);
			buildRules = (
			);
			dependencies = (
			);
			name = "MemeMe Swift 2";
			productName = "MemeMe Swift 2";
			productReference = 32799C961BB4637D00E8D0FF /* MemeMe Swift 2.app */;
			productType = "com.apple.product-type.application";
		};
		32799CA91BB4637D00E8D0FF /* MemeMe Swift 2Tests */ = {
			isa = PBXNativeTarget;
			buildConfigurationList = 32799CC11BB4637D00E8D0FF /* Build configuration list for PBXNativeTarget "MemeMe Swift 2Tests" */;
			buildPhases = (
				32799CA61BB4637D00E8D0FF /* Sources */,
				32799CA71BB4637D00E8D0FF /* Frameworks */,
				32799CA81BB4637D00E8D0FF /* Resources */,
			);
			buildRules = (
			);
			dependencies = (
				32799CAC1BB4637D00E8D0FF /* PBXTargetDependency */,
			);
			name = "MemeMe Swift 2Tests";
			productName = "MemeMe Swift 2Tests";
			productReference = 32799CAA1BB4637D00E8D0FF /* MemeMe Swift 2Tests.xctest */;
			productType = "com.apple.product-type.bundle.unit-test";
		};
		32799CB41BB4637D00E8D0FF /* MemeMe Swift 2UITests */ = {
			isa = PBXNativeTarget;
			buildConfigurationList = 32799CC41BB4637D00E8D0FF /* Build configuration list for PBXNativeTarget "MemeMe Swift 2UITests" */;
			buildPhases = (
				32799CB11BB4637D00E8D0FF /* Sources */,
				32799CB21BB4637D00E8D0FF /* Frameworks */,
				32799CB31BB4637D00E8D0FF /* Resources */,
			);
			buildRules = (
			);
			dependencies = (
				32799CB71BB4637D00E8D0FF /* PBXTargetDependency */,
			);
			name = "MemeMe Swift 2UITests";
			productName = "MemeMe Swift 2UITests";
			productReference = 32799CB51BB4637D00E8D0FF /* MemeMe Swift 2UITests.xctest */;
			productType = "com.apple.product-type.bundle.ui-testing";
		};
/* End PBXNativeTarget section */

/* Begin PBXProject section */
		32799C8E1BB4637D00E8D0FF /* Project object */ = {
			isa = PBXProject;
			attributes = {
				LastUpgradeCheck = 0700;
				ORGANIZATIONNAME = "Baxter Heavy Industries";
				TargetAttributes = {
					32799C951BB4637D00E8D0FF = {
						CreatedOnToolsVersion = 7.0;
					};
					32799CA91BB4637D00E8D0FF = {
						CreatedOnToolsVersion = 7.0;
						TestTargetID = 32799C951BB4637D00E8D0FF;
					};
					32799CB41BB4637D00E8D0FF = {
						CreatedOnToolsVersion = 7.0;
						TestTargetID = 32799C951BB4637D00E8D0FF;
					};
				};
			};
			buildConfigurationList = 32799C911BB4637D00E8D0FF /* Build configuration list for PBXProject "MemeMe Swift 2" */;
			compatibilityVersion = "Xcode 3.2";
			developmentRegion = English;
			hasScannedForEncodings = 0;
			knownRegions = (
				en,
				Base,
			);
			mainGroup = 32799C8D1BB4637D00E8D0FF;
			productRefGroup = 32799C971BB4637D00E8D0FF /* Products */;
			projectDirPath = "";
			projectRoot = "";
			targets = (
				32799C951BB4637D00E8D0FF /* MemeMe Swift 2 */,
				32799CA91BB4637D00E8D0FF /* MemeMe Swift 2Tests */,
				32799CB41BB4637D00E8D0FF /* MemeMe Swift 2UITests */,
			);
		};
/* End PBXProject section */

/* Begin PBXResourcesBuildPhase section */
		32799C941BB4637D00E8D0FF /* Resources */ = {
			isa = PBXResourcesBuildPhase;
			buildActionMask = 2147483647;
			files = (
				32799CCA1BB463C200E8D0FF /* Main.storyboard in Resources */,
				32799CA41BB4637D00E8D0FF /* LaunchScreen.storyboard in Resources */,
				32799CA11BB4637D00E8D0FF /* Assets.xcassets in Resources */,
			);
			runOnlyForDeploymentPostprocessing = 0;
		};
		32799CA81BB4637D00E8D0FF /* Resources */ = {
			isa = PBXResourcesBuildPhase;
			buildActionMask = 2147483647;
			files = (
			);
			runOnlyForDeploymentPostprocessing = 0;
		};
		32799CB31BB4637D00E8D0FF /* Resources */ = {
			isa = PBXResourcesBuildPhase;
			buildActionMask = 2147483647;
			files = (
			);
			runOnlyForDeploymentPostprocessing = 0;
		};
/* End PBXResourcesBuildPhase section */

/* Begin PBXSourcesBuildPhase section */
		32799C921BB4637D00E8D0FF /* Sources */ = {
			isa = PBXSourcesBuildPhase;
			buildActionMask = 2147483647;
			files = (
				32799CC81BB463B100E8D0FF /* MemeEditorVC.swift in Sources */,
				32455C551BBB4E6F00235E77 /* MemeTableViewCell.swift in Sources */,
				32799CCC1BB463C900E8D0FF /* Meme.swift in Sources */,
				32799C9C1BB4637D00E8D0FF /* ViewController.swift in Sources */,
				3272928B1BBF16BB0018B473 /* MemeMeCollectionController.swift in Sources */,
				327292891BBF07470018B473 /* MemeMeCollectionViewCell.swift in Sources */,
				32799C9A1BB4637D00E8D0FF /* AppDelegate.swift in Sources */,
				3295F5BD1BBB22D600FD8F94 /* MemeMeDetailViewController.swift in Sources */,
				3295F5BB1BBB228200FD8F94 /* MemeMeTableViewController.swift in Sources */,
			);
			runOnlyForDeploymentPostprocessing = 0;
		};
		32799CA61BB4637D00E8D0FF /* Sources */ = {
			isa = PBXSourcesBuildPhase;
			buildActionMask = 2147483647;
			files = (
				32799CAF1BB4637D00E8D0FF /* MemeMe_Swift_2Tests.swift in Sources */,
			);
			runOnlyForDeploymentPostprocessing = 0;
		};
		32799CB11BB4637D00E8D0FF /* Sources */ = {
			isa = PBXSourcesBuildPhase;
			buildActionMask = 2147483647;
			files = (
				32799CBA1BB4637D00E8D0FF /* MemeMe_Swift_2UITests.swift in Sources */,
			);
			runOnlyForDeploymentPostprocessing = 0;
		};
/* End PBXSourcesBuildPhase section */

/* Begin PBXTargetDependency section */
		32799CAC1BB4637D00E8D0FF /* PBXTargetDependency */ = {
			isa = PBXTargetDependency;
			target = 32799C951BB4637D00E8D0FF /* MemeMe Swift 2 */;
			targetProxy = 32799CAB1BB4637D00E8D0FF /* PBXContainerItemProxy */;
		};
		32799CB71BB4637D00E8D0FF /* PBXTargetDependency */ = {
			isa = PBXTargetDependency;
			target = 32799C951BB4637D00E8D0FF /* MemeMe Swift 2 */;
			targetProxy = 32799CB61BB4637D00E8D0FF /* PBXContainerItemProxy */;
		};
/* End PBXTargetDependency section */

/* Begin PBXVariantGroup section */
		32799CA21BB4637D00E8D0FF /* LaunchScreen.storyboard */ = {
			isa = PBXVariantGroup;
			children = (
				32799CA31BB4637D00E8D0FF /* Base */,
			);
			name = LaunchScreen.storyboard;
			sourceTree = "<group>";
		};
/* End PBXVariantGroup section */

/* Begin XCBuildConfiguration section */
		32799CBC1BB4637D00E8D0FF /* Debug */ = {
			isa = XCBuildConfiguration;
			buildSettings = {
				ALWAYS_SEARCH_USER_PATHS = NO;
				CLANG_CXX_LANGUAGE_STANDARD = "gnu++0x";
				CLANG_CXX_LIBRARY = "libc++";
				CLANG_ENABLE_MODULES = YES;
				CLANG_ENABLE_OBJC_ARC = YES;
				CLANG_WARN_BOOL_CONVERSION = YES;
				CLANG_WARN_CONSTANT_CONVERSION = YES;
				CLANG_WARN_DIRECT_OBJC_ISA_USAGE = YES_ERROR;
				CLANG_WARN_EMPTY_BODY = YES;
				CLANG_WARN_ENUM_CONVERSION = YES;
				CLANG_WARN_INT_CONVERSION = YES;
				CLANG_WARN_OBJC_ROOT_CLASS = YES_ERROR;
				CLANG_WARN_UNREACHABLE_CODE = YES;
				CLANG_WARN__DUPLICATE_METHOD_MATCH = YES;
				"CODE_SIGN_IDENTITY[sdk=iphoneos*]" = "iPhone Developer";
				COPY_PHASE_STRIP = NO;
				DEBUG_INFORMATION_FORMAT = dwarf;
				ENABLE_STRICT_OBJC_MSGSEND = YES;
				ENABLE_TESTABILITY = YES;
				GCC_C_LANGUAGE_STANDARD = gnu99;
				GCC_DYNAMIC_NO_PIC = NO;
				GCC_NO_COMMON_BLOCKS = YES;
				GCC_OPTIMIZATION_LEVEL = 0;
				GCC_PREPROCESSOR_DEFINITIONS = (
					"DEBUG=1",
					"$(inherited)",
				);
				GCC_WARN_64_TO_32_BIT_CONVERSION = YES;
				GCC_WARN_ABOUT_RETURN_TYPE = YES_ERROR;
				GCC_WARN_UNDECLARED_SELECTOR = YES;
				GCC_WARN_UNINITIALIZED_AUTOS = YES_AGGRESSIVE;
				GCC_WARN_UNUSED_FUNCTION = YES;
				GCC_WARN_UNUSED_VARIABLE = YES;
				IPHONEOS_DEPLOYMENT_TARGET = 9.0;
				MTL_ENABLE_DEBUG_INFO = YES;
				ONLY_ACTIVE_ARCH = YES;
				SDKROOT = iphoneos;
				SWIFT_OPTIMIZATION_LEVEL = "-Onone";
				TARGETED_DEVICE_FAMILY = "1,2";
			};
			name = Debug;
		};
		32799CBD1BB4637D00E8D0FF /* Release */ = {
			isa = XCBuildConfiguration;
			buildSettings = {
				ALWAYS_SEARCH_USER_PATHS = NO;
				CLANG_CXX_LANGUAGE_STANDARD = "gnu++0x";
				CLANG_CXX_LIBRARY = "libc++";
				CLANG_ENABLE_MODULES = YES;
				CLANG_ENABLE_OBJC_ARC = YES;
				CLANG_WARN_BOOL_CONVERSION = YES;
				CLANG_WARN_CONSTANT_CONVERSION = YES;
				CLANG_WARN_DIRECT_OBJC_ISA_USAGE = YES_ERROR;
				CLANG_WARN_EMPTY_BODY = YES;
				CLANG_WARN_ENUM_CONVERSION = YES;
				CLANG_WARN_INT_CONVERSION = YES;
				CLANG_WARN_OBJC_ROOT_CLASS = YES_ERROR;
				CLANG_WARN_UNREACHABLE_CODE = YES;
				CLANG_WARN__DUPLICATE_METHOD_MATCH = YES;
				"CODE_SIGN_IDENTITY[sdk=iphoneos*]" = "iPhone Developer";
				COPY_PHASE_STRIP = NO;
				DEBUG_INFORMATION_FORMAT = "dwarf-with-dsym";
				ENABLE_NS_ASSERTIONS = NO;
				ENABLE_STRICT_OBJC_MSGSEND = YES;
				GCC_C_LANGUAGE_STANDARD = gnu99;
				GCC_NO_COMMON_BLOCKS = YES;
				GCC_WARN_64_TO_32_BIT_CONVERSION = YES;
				GCC_WARN_ABOUT_RETURN_TYPE = YES_ERROR;
				GCC_WARN_UNDECLARED_SELECTOR = YES;
				GCC_WARN_UNINITIALIZED_AUTOS = YES_AGGRESSIVE;
				GCC_WARN_UNUSED_FUNCTION = YES;
				GCC_WARN_UNUSED_VARIABLE = YES;
				IPHONEOS_DEPLOYMENT_TARGET = 9.0;
				MTL_ENABLE_DEBUG_INFO = NO;
				SDKROOT = iphoneos;
				TARGETED_DEVICE_FAMILY = "1,2";
				VALIDATE_PRODUCT = YES;
			};
			name = Release;
		};
		32799CBF1BB4637D00E8D0FF /* Debug */ = {
			isa = XCBuildConfiguration;
			buildSettings = {
				ASSETCATALOG_COMPILER_APPICON_NAME = AppIcon;
				INFOPLIST_FILE = "MemeMe Swift 2/Info.plist";
				LD_RUNPATH_SEARCH_PATHS = "$(inherited) @executable_path/Frameworks";
				PRODUCT_BUNDLE_IDENTIFIER = "com.bhi.MemeMe-Swift-2";
				PRODUCT_NAME = "$(TARGET_NAME)";
			};
			name = Debug;
		};
		32799CC01BB4637D00E8D0FF /* Release */ = {
			isa = XCBuildConfiguration;
			buildSettings = {
				ASSETCATALOG_COMPILER_APPICON_NAME = AppIcon;
				INFOPLIST_FILE = "MemeMe Swift 2/Info.plist";
				LD_RUNPATH_SEARCH_PATHS = "$(inherited) @executable_path/Frameworks";
				PRODUCT_BUNDLE_IDENTIFIER = "com.bhi.MemeMe-Swift-2";
				PRODUCT_NAME = "$(TARGET_NAME)";
			};
			name = Release;
		};
		32799CC21BB4637D00E8D0FF /* Debug */ = {
			isa = XCBuildConfiguration;
			buildSettings = {
				BUNDLE_LOADER = "$(TEST_HOST)";
				INFOPLIST_FILE = "MemeMe Swift 2Tests/Info.plist";
				LD_RUNPATH_SEARCH_PATHS = "$(inherited) @executable_path/Frameworks @loader_path/Frameworks";
				PRODUCT_BUNDLE_IDENTIFIER = "com.bhi.MemeMe-Swift-2Tests";
				PRODUCT_NAME = "$(TARGET_NAME)";
				TEST_HOST = "$(BUILT_PRODUCTS_DIR)/MemeMe Swift 2.app/MemeMe Swift 2";
			};
			name = Debug;
		};
		32799CC31BB4637D00E8D0FF /* Release */ = {
			isa = XCBuildConfiguration;
			buildSettings = {
				BUNDLE_LOADER = "$(TEST_HOST)";
				INFOPLIST_FILE = "MemeMe Swift 2Tests/Info.plist";
				LD_RUNPATH_SEARCH_PATHS = "$(inherited) @executable_path/Frameworks @loader_path/Frameworks";
				PRODUCT_BUNDLE_IDENTIFIER = "com.bhi.MemeMe-Swift-2Tests";
				PRODUCT_NAME = "$(TARGET_NAME)";
				TEST_HOST = "$(BUILT_PRODUCTS_DIR)/MemeMe Swift 2.app/MemeMe Swift 2";
			};
			name = Release;
		};
		32799CC51BB4637D00E8D0FF /* Debug */ = {
			isa = XCBuildConfiguration;
			buildSettings = {
				INFOPLIST_FILE = "MemeMe Swift 2UITests/Info.plist";
				LD_RUNPATH_SEARCH_PATHS = "$(inherited) @executable_path/Frameworks @loader_path/Frameworks";
				PRODUCT_BUNDLE_IDENTIFIER = "com.bhi.MemeMe-Swift-2UITests";
				PRODUCT_NAME = "$(TARGET_NAME)";
				TEST_TARGET_NAME = "MemeMe Swift 2";
				USES_XCTRUNNER = YES;
			};
			name = Debug;
		};
		32799CC61BB4637D00E8D0FF /* Release */ = {
			isa = XCBuildConfiguration;
			buildSettings = {
				INFOPLIST_FILE = "MemeMe Swift 2UITests/Info.plist";
				LD_RUNPATH_SEARCH_PATHS = "$(inherited) @executable_path/Frameworks @loader_path/Frameworks";
				PRODUCT_BUNDLE_IDENTIFIER = "com.bhi.MemeMe-Swift-2UITests";
				PRODUCT_NAME = "$(TARGET_NAME)";
				TEST_TARGET_NAME = "MemeMe Swift 2";
				USES_XCTRUNNER = YES;
			};
			name = Release;
		};
/* End XCBuildConfiguration section */

/* Begin XCConfigurationList section */
		32799C911BB4637D00E8D0FF /* Build configuration list for PBXProject "MemeMe Swift 2" */ = {
			isa = XCConfigurationList;
			buildConfigurations = (
				32799CBC1BB4637D00E8D0FF /* Debug */,
				32799CBD1BB4637D00E8D0FF /* Release */,
			);
			defaultConfigurationIsVisible = 0;
			defaultConfigurationName = Release;
		};
		32799CBE1BB4637D00E8D0FF /* Build configuration list for PBXNativeTarget "MemeMe Swift 2" */ = {
			isa = XCConfigurationList;
			buildConfigurations = (
				32799CBF1BB4637D00E8D0FF /* Debug */,
				32799CC01BB4637D00E8D0FF /* Release */,
			);
			defaultConfigurationIsVisible = 0;
			defaultConfigurationName = Release;
		};
		32799CC11BB4637D00E8D0FF /* Build configuration list for PBXNativeTarget "MemeMe Swift 2Tests" */ = {
			isa = XCConfigurationList;
			buildConfigurations = (
				32799CC21BB4637D00E8D0FF /* Debug */,
				32799CC31BB4637D00E8D0FF /* Release */,
			);
			defaultConfigurationIsVisible = 0;
			defaultConfigurationName = Release;
		};
		32799CC41BB4637D00E8D0FF /* Build configuration list for PBXNativeTarget "MemeMe Swift 2UITests" */ = {
			isa = XCConfigurationList;
			buildConfigurations = (
				32799CC51BB4637D00E8D0FF /* Debug */,
				32799CC61BB4637D00E8D0FF /* Release */,
			);
			defaultConfigurationIsVisible = 0;
			defaultConfigurationName = Release;
		};
/* End XCConfigurationList section */
	};
	rootObject = 32799C8E1BB4637D00E8D0FF /* Project object */;
}
